{
  "name": "5.3",
  "lockfileVersion": 3,
  "requires": true,
  "packages": {
    "": {
      "dependencies": {
        "types-registry": "^0.1.673"
      },
      "devDependencies": {
        "@types/abbrev": "^1.1.5",
        "@types/accepts": "^1.3.7",
        "@types/are-we-there-yet": "^1.1.2",
        "@types/babel__core": "^7.20.5",
        "@types/balanced-match": "^3.0.2",
        "@types/bcrypt": "^5.0.2",
        "@types/body-parser": "^1.19.5",
        "@types/brace-expansion": "^1.1.2",
        "@types/bytes": "^3.1.4",
        "@types/cacache": "^17.0.2",
        "@types/call-bind": "^1.0.5",
        "@types/chownr": "^1.0.3",
        "@types/color-support": "^1.1.4",
        "@types/concat-map": "^0.0.3",
        "@types/content-disposition": "^0.5.8",
        "@types/content-type": "^1.1.8",
        "@types/cookie": "^0.6.0",
        "@types/cookie-signature": "^1.1.2",
        "@types/core-js": "^2.5.8",
        "@types/cors": "^2.8.17",
        "@types/debug": "^4.1.12",
        "@types/delegates": "^1.0.3",
        "@types/depd": "^1.1.36",
        "@types/destroy": "^1.0.3",
        "@types/detect-libc": "^1.0.3",
        "@types/ee-first": "^1.1.3",
        "@types/encodeurl": "^1.0.2",
        "@types/escape-html": "^1.0.4",
        "@types/eslint": "^8.44.8",
        "@types/etag": "^1.8.3",
        "@types/express": "^4.17.21",
        "@types/express-session": "^1.17.10",
        "@types/finalhandler": "^1.2.3",
        "@types/forwarded": "^0.1.3",
        "@types/fresh": "^0.5.2",
        "@types/fs-minipass": "^2.1.4",
        "@types/function-bind": "^1.1.10",
        "@types/gauge": "^5.0.4",
        "@types/get-intrinsic": "^1.2.2",
        "@types/gopd": "^1.0.3",
        "@types/graceful-fs": "^4.1.9",
        "@types/has-property-descriptors": "^1.0.3",
        "@types/has-symbols": "^1.0.2",
        "@types/http-cache-semantics": "^4.0.4",
        "@types/http-errors": "^2.0.4",
        "@types/humanize-ms": "^1.2.5",
        "@types/imurmurhash": "^0.1.4",
        "@types/inflight": "^1.0.1",
        "@types/inherits": "^0.0.33",
        "@types/ip": "^1.1.3",
        "@types/is-lambda": "^1.0.2",
        "@types/isexe": "^2.0.4",
        "@types/make-fetch-happen": "^10.0.4",
        "@types/media-typer": "^1.1.3",
        "@types/merge-descriptors": "^1.0.3",
        "@types/methods": "^1.1.4",
        "@types/mime": "^3.0.4",
        "@types/mime-db": "^1.43.5",
        "@types/mime-types": "^2.1.4",
        "@types/minizlib": "^2.1.7",
        "@types/ms": "^0.7.34",
        "@types/negotiator": "^0.6.3",
        "@types/nopt": "^3.0.32",
        "@types/npmlog": "^7.0.0",
        "@types/object-assign": "^4.0.33",
        "@types/object-inspect": "^1.8.4",
        "@types/on-finished": "^2.3.4",
        "@types/once": "^1.4.4",
        "@types/parseurl": "^1.3.3",
        "@types/path-is-absolute": "^1.0.2",
        "@types/promise-inflight": "^1.0.3",
        "@types/promise-retry": "^1.1.6",
        "@types/proxy-addr": "^2.0.3",
        "@types/qs": "^6.9.10",
        "@types/range-parser": "^1.2.7",
        "@types/readable-stream": "^4.0.10",
        "@types/retry": "^0.12.5",
        "@types/safer-buffer": "^2.1.3",
        "@types/semver": "^7.5.6",
        "@types/send": "^0.17.4",
        "@types/serve-static": "^1.15.5",
        "@types/set-blocking": "^2.0.2",
        "@types/signal-exit": "^3.0.4",
        "@types/sqlite3": "^3.1.11",
        "@types/ssri": "^7.1.5",
        "@types/statuses": "^2.0.4",
        "@types/tar": "^6.1.10",
        "@types/toidentifier": "^1.0.2",
        "@types/tr46": "^3.0.3",
        "@types/type-is": "^1.6.6",
        "@types/util-deprecate": "^1.0.3",
        "@types/utils-merge": "^0.0.31",
        "@types/uuid": "^9.0.7",
        "@types/vary": "^1.1.3",
        "@types/webfontloader": "^1.6.38",
        "@types/webidl-conversions": "^7.0.3",
        "@types/whatwg-url": "^11.0.3",
        "@types/which": "^3.0.3",
        "@types/yallist": "^4.0.4"
      }
    },
    "node_modules/@babel/helper-string-parser": {
      "version": "7.23.4",
      "resolved": "https://registry.npmjs.org/@babel/helper-string-parser/-/helper-string-parser-7.23.4.tgz",
      "integrity": "sha512-803gmbQdqwdf4olxrX4AJyFBV/RTr3rSmOj0rKwesmzlfhYNDEs+/iOcznzpNWlJlIlTJC2QfPFcHB6DlzdVLQ==",
      "dev": true,
      "engines": {
        "node": ">=6.9.0"
      }
    },
    "node_modules/@babel/helper-validator-identifier": {
      "version": "7.22.20",
      "resolved": "https://registry.npmjs.org/@babel/helper-validator-identifier/-/helper-validator-identifier-7.22.20.tgz",
      "integrity": "sha512-Y4OZ+ytlatR8AI+8KZfKuL5urKp7qey08ha31L8b3BwewJAoJamTzyvxPR/5D+KkdJCGPq/+8TukHBlY10FX9A==",
      "dev": true,
      "engines": {
        "node": ">=6.9.0"
      }
    },
    "node_modules/@babel/parser": {
      "version": "7.23.5",
      "resolved": "https://registry.npmjs.org/@babel/parser/-/parser-7.23.5.tgz",
      "integrity": "sha512-hOOqoiNXrmGdFbhgCzu6GiURxUgM27Xwd/aPuu8RfHEZPBzL1Z54okAHAQjXfcQNwvrlkAmAp4SlRTZ45vlthQ==",
      "dev": true,
      "bin": {
        "parser": "bin/babel-parser.js"
      },
      "engines": {
        "node": ">=6.0.0"
      }
    },
    "node_modules/@babel/types": {
      "version": "7.23.5",
      "resolved": "https://registry.npmjs.org/@babel/types/-/types-7.23.5.tgz",
      "integrity": "sha512-ON5kSOJwVO6xXVRTvOI0eOnWe7VdUcIpsovGo9U/Br4Ie4UVFQTboO2cYnDhAGU6Fp+UxSiT+pMft0SMHfuq6w==",
      "dev": true,
      "dependencies": {
        "@babel/helper-string-parser": "^7.23.4",
        "@babel/helper-validator-identifier": "^7.22.20",
        "to-fast-properties": "^2.0.0"
      },
      "engines": {
        "node": ">=6.9.0"
      }
    },
    "node_modules/@types/abbrev": {
      "version": "1.1.5",
      "resolved": "https://registry.npmjs.org/@types/abbrev/-/abbrev-1.1.5.tgz",
      "integrity": "sha512-rMBwLuLcasbyx7whHiLrz28rX74ATmImbzJUNUNvcUbz0N+zbIUOA2EgPJakp2gtCkVRp12tDIJ7tpj0bQtdjQ==",
      "dev": true
    },
    "node_modules/@types/accepts": {
      "version": "1.3.7",
      "resolved": "https://registry.npmjs.org/@types/accepts/-/accepts-1.3.7.tgz",
      "integrity": "sha512-Pay9fq2lM2wXPWbteBsRAGiWH2hig4ZE2asK+mm7kUzlxRTfL961rj89I6zV/E3PcIkDqyuBEcMxFT7rccugeQ==",
      "dev": true,
      "dependencies": {
        "@types/node": "*"
      }
    },
    "node_modules/@types/are-we-there-yet": {
      "version": "1.1.2",
      "resolved": "https://registry.npmjs.org/@types/are-we-there-yet/-/are-we-there-yet-1.1.2.tgz",
      "integrity": "sha512-gryjeKiA2Si0DdbS5CDK+EF/kxGzUiHZhyBLOSsX1MFUI4lNJIOBRrkb75BncfMdtIlKDEJWL7GKm/wR1CQjvg==",
      "dev": true,
      "dependencies": {
        "@types/node": "*"
      }
    },
    "node_modules/@types/babel__core": {
      "version": "7.20.5",
      "resolved": "https://registry.npmjs.org/@types/babel__core/-/babel__core-7.20.5.tgz",
      "integrity": "sha512-qoQprZvz5wQFJwMDqeseRXWv3rqMvhgpbXFfVyWhbx9X47POIA6i/+dXefEmZKoAgOaTdaIgNSMqMIU61yRyzA==",
      "dev": true,
      "dependencies": {
        "@babel/parser": "^7.20.7",
        "@babel/types": "^7.20.7",
        "@types/babel__generator": "*",
        "@types/babel__template": "*",
        "@types/babel__traverse": "*"
      }
    },
    "node_modules/@types/babel__generator": {
      "version": "7.6.7",
      "resolved": "https://registry.npmjs.org/@types/babel__generator/-/babel__generator-7.6.7.tgz",
      "integrity": "sha512-6Sfsq+EaaLrw4RmdFWE9Onp63TOUue71AWb4Gpa6JxzgTYtimbM086WnYTy2U67AofR++QKCo08ZP6pwx8YFHQ==",
      "dev": true,
      "dependencies": {
        "@babel/types": "^7.0.0"
      }
    },
    "node_modules/@types/babel__template": {
      "version": "7.4.4",
      "resolved": "https://registry.npmjs.org/@types/babel__template/-/babel__template-7.4.4.tgz",
      "integrity": "sha512-h/NUaSyG5EyxBIp8YRxo4RMe2/qQgvyowRwVMzhYhBCONbW8PUsg4lkFMrhgZhUe5z3L3MiLDuvyJ/CaPa2A8A==",
      "dev": true,
      "dependencies": {
        "@babel/parser": "^7.1.0",
        "@babel/types": "^7.0.0"
      }
    },
    "node_modules/@types/babel__traverse": {
      "version": "7.20.4",
      "resolved": "https://registry.npmjs.org/@types/babel__traverse/-/babel__traverse-7.20.4.tgz",
      "integrity": "sha512-mSM/iKUk5fDDrEV/e83qY+Cr3I1+Q3qqTuEn++HAWYjEa1+NxZr6CNrcJGf2ZTnq4HoFGC3zaTPZTobCzCFukA==",
      "dev": true,
      "dependencies": {
        "@babel/types": "^7.20.7"
      }
    },
    "node_modules/@types/balanced-match": {
      "version": "3.0.2",
      "resolved": "https://registry.npmjs.org/@types/balanced-match/-/balanced-match-3.0.2.tgz",
      "integrity": "sha512-It1j6doJHkoGoxfOj3c7sHVHQXYMHo3c0kpcnPhEO4KfitNE5SqiSGKV0Hx5/cwyYKJfEhin0tZYBmqpjEcavw==",
      "dev": true
    },
    "node_modules/@types/bcrypt": {
      "version": "5.0.2",
      "resolved": "https://registry.npmjs.org/@types/bcrypt/-/bcrypt-5.0.2.tgz",
      "integrity": "sha512-6atioO8Y75fNcbmj0G7UjI9lXN2pQ/IGJ2FWT4a/btd0Lk9lQalHLKhkgKVZ3r+spnmWUKfbMi1GEe9wyHQfNQ==",
      "dev": true,
      "dependencies": {
        "@types/node": "*"
      }
    },
    "node_modules/@types/body-parser": {
      "version": "1.19.5",
      "resolved": "https://registry.npmjs.org/@types/body-parser/-/body-parser-1.19.5.tgz",
      "integrity": "sha512-fB3Zu92ucau0iQ0JMCFQE7b/dv8Ot07NI3KaZIkIUNXq82k4eBAqUaneXfleGY9JWskeS9y+u0nXMyspcuQrCg==",
      "dev": true,
      "dependencies": {
        "@types/connect": "*",
        "@types/node": "*"
      }
    },
    "node_modules/@types/brace-expansion": {
      "version": "1.1.2",
      "resolved": "https://registry.npmjs.org/@types/brace-expansion/-/brace-expansion-1.1.2.tgz",
      "integrity": "sha512-+YDjlWHMm/zoiQSKhEhL/0HdfYxCVuGlP5tQLm5hoHtxGPAMqyHjGpLqm58YDw7vG+RafAahp7HKXeNIwBP3kQ==",
      "dev": true
    },
    "node_modules/@types/bytes": {
      "version": "3.1.4",
      "resolved": "https://registry.npmjs.org/@types/bytes/-/bytes-3.1.4.tgz",
      "integrity": "sha512-A0uYgOj3zNc4hNjHc5lYUfJQ/HVyBXiUMKdXd7ysclaE6k9oJdavQzODHuwjpUu2/boCP8afjQYi8z/GtvNCWA==",
      "dev": true
    },
    "node_modules/@types/cacache": {
      "version": "17.0.2",
      "resolved": "https://registry.npmjs.org/@types/cacache/-/cacache-17.0.2.tgz",
      "integrity": "sha512-IrqHzVX2VRMDQQKa7CtKRnuoCLdRJiLW6hWU+w7i7+AaQ0Ii5bKwJxd5uRK4zBCyrHd3tG6G8zOm2LplxbSfQg==",
      "dev": true,
      "dependencies": {
        "@types/node": "*"
      }
    },
    "node_modules/@types/call-bind": {
      "version": "1.0.5",
      "resolved": "https://registry.npmjs.org/@types/call-bind/-/call-bind-1.0.5.tgz",
      "integrity": "sha512-7kCxl5FGXPEu5ov4auOTJiXQy6/heCpRcjbk54WAeKOEAclJTb5z6PDb8Ai85A51bxczAM0PHdes3p3340nM3g==",
      "dev": true,
      "dependencies": {
        "@types/get-intrinsic": "*"
      }
    },
    "node_modules/@types/chownr": {
      "version": "1.0.3",
      "resolved": "https://registry.npmjs.org/@types/chownr/-/chownr-1.0.3.tgz",
      "integrity": "sha512-AKhGL1FJ+4eAGUEbtpeKWSzd6vwMkM+vSmy33WeSP0L8Mi9Cp6CtojH4kMTBdDRPww/ERk/qcRCcel2DIiE07A==",
      "dev": true,
      "dependencies": {
        "@types/node": "*"
      }
    },
    "node_modules/@types/color-support": {
      "version": "1.1.4",
      "resolved": "https://registry.npmjs.org/@types/color-support/-/color-support-1.1.4.tgz",
      "integrity": "sha512-8KBqQQ+3TfBpJrNYQ+7DAxTX3Xvni3EnFyHoeSZN3qFmfcmxbTvEOmxlYSkmhdTLrIlT2u/XZpPiWSbawEYECg==",
      "dev": true,
      "dependencies": {
        "@types/node": "*"
      }
    },
    "node_modules/@types/concat-map": {
      "version": "0.0.3",
      "resolved": "https://registry.npmjs.org/@types/concat-map/-/concat-map-0.0.3.tgz",
      "integrity": "sha512-Y6PwfYcvXKbLCQ5sYw2XWg4hwLe9BMU37/yyTqpY4pZwTDQKhlx1DSwZ0JmGM/kuR1LQFq+3YJIrEbXsuNyoyA==",
      "dev": true
    },
    "node_modules/@types/connect": {
      "version": "3.4.38",
      "resolved": "https://registry.npmjs.org/@types/connect/-/connect-3.4.38.tgz",
      "integrity": "sha512-K6uROf1LD88uDQqJCktA4yzL1YYAK6NgfsI0v/mTgyPKWsX1CnJ0XPSDhViejru1GcRkLWb8RlzFYJRqGUbaug==",
      "dev": true,
      "dependencies": {
        "@types/node": "*"
      }
    },
    "node_modules/@types/content-disposition": {
      "version": "0.5.8",
      "resolved": "https://registry.npmjs.org/@types/content-disposition/-/content-disposition-0.5.8.tgz",
      "integrity": "sha512-QVSSvno3dE0MgO76pJhmv4Qyi/j0Yk9pBp0Y7TJ2Tlj+KCgJWY6qX7nnxCOLkZ3VYRSIk1WTxCvwUSdx6CCLdg==",
      "dev": true
    },
    "node_modules/@types/content-type": {
      "version": "1.1.8",
      "resolved": "https://registry.npmjs.org/@types/content-type/-/content-type-1.1.8.tgz",
      "integrity": "sha512-1tBhmVUeso3+ahfyaKluXe38p+94lovUZdoVfQ3OnJo9uJC42JT7CBoN3k9HYhAae+GwiBYmHu+N9FZhOG+2Pg==",
      "dev": true
    },
    "node_modules/@types/cookie": {
      "version": "0.6.0",
      "resolved": "https://registry.npmjs.org/@types/cookie/-/cookie-0.6.0.tgz",
      "integrity": "sha512-4Kh9a6B2bQciAhf7FSuMRRkUWecJgJu9nPnx3yzpsfXX/c50REIqpHY4C82bXP90qrLtXtkDxTZosYO3UpOwlA==",
      "dev": true
    },
    "node_modules/@types/cookie-signature": {
      "version": "1.1.2",
      "resolved": "https://registry.npmjs.org/@types/cookie-signature/-/cookie-signature-1.1.2.tgz",
      "integrity": "sha512-2OhrZV2LVnUAXklUFwuYUTokalh/dUb8rqt70OW6ByMSxYpauPZ+kfNLknX3aJyjY5iu8i3cUyoLZP9Fn37tTg==",
      "dev": true,
      "dependencies": {
        "@types/node": "*"
      }
    },
    "node_modules/@types/core-js": {
      "version": "2.5.8",
      "resolved": "https://registry.npmjs.org/@types/core-js/-/core-js-2.5.8.tgz",
      "integrity": "sha512-VgnAj6tIAhJhZdJ8/IpxdatM8G4OD3VWGlp6xIxUGENZlpbob9Ty4VVdC1FIEp0aK6DBscDDjyzy5FB60TuNqg==",
      "dev": true
    },
    "node_modules/@types/cors": {
      "version": "2.8.17",
      "resolved": "https://registry.npmjs.org/@types/cors/-/cors-2.8.17.tgz",
      "integrity": "sha512-8CGDvrBj1zgo2qE+oS3pOCyYNqCPryMWY2bGfwA0dcfopWGgxs+78df0Rs3rc9THP4JkOhLsAa+15VdpAqkcUA==",
      "dev": true,
      "dependencies": {
        "@types/node": "*"
      }
    },
    "node_modules/@types/debug": {
      "version": "4.1.12",
      "resolved": "https://registry.npmjs.org/@types/debug/-/debug-4.1.12.tgz",
      "integrity": "sha512-vIChWdVG3LG1SMxEvI/AK+FWJthlrqlTu7fbrlywTkkaONwk/UAGaULXRlf8vkzFBLVm0zkMdCquhL5aOjhXPQ==",
      "dev": true,
      "dependencies": {
        "@types/ms": "*"
      }
    },
    "node_modules/@types/delegates": {
      "version": "1.0.3",
      "resolved": "https://registry.npmjs.org/@types/delegates/-/delegates-1.0.3.tgz",
      "integrity": "sha512-bcD7QDnXObqyfLmntMEmQBYhglprxQOSrYl8RP1afec18qVsuxFGu7noFQEpSC91DWZuXBjcoA3FVTMm4Xeoyg==",
      "dev": true
    },
    "node_modules/@types/depd": {
      "version": "1.1.36",
      "resolved": "https://registry.npmjs.org/@types/depd/-/depd-1.1.36.tgz",
      "integrity": "sha512-+apvfj5Bn6ORfud9XrgoIu6H6s2pTN+X8rQ2LgkA3YUXY+PiXkCJjizh8qxv8CrLtXlxw3NCmYrNbbeckVOQrA==",
      "dev": true,
      "dependencies": {
        "@types/node": "*"
      }
    },
    "node_modules/@types/destroy": {
      "version": "1.0.3",
      "resolved": "https://registry.npmjs.org/@types/destroy/-/destroy-1.0.3.tgz",
      "integrity": "sha512-nRcH61sRUBct1KM6dV4kjNzgLBrM6eSafsBfoGo/tOeKkTPbYsqi5uJqh8Rq7M9+stYh0wW+Tg56XFcsCPrjhw==",
      "dev": true,
      "dependencies": {
        "@types/node": "*"
      }
    },
    "node_modules/@types/detect-libc": {
      "version": "1.0.3",
      "resolved": "https://registry.npmjs.org/@types/detect-libc/-/detect-libc-1.0.3.tgz",
      "integrity": "sha512-MnWWu7vPdUVq4kC8WN67ko44zkE1t80TM1NmMQheADz9AoRMLLdvPbLOQBWo8wJKiZsvlFfRkJtxZgRD2YIciQ==",
      "dev": true
    },
    "node_modules/@types/ee-first": {
      "version": "1.1.3",
      "resolved": "https://registry.npmjs.org/@types/ee-first/-/ee-first-1.1.3.tgz",
      "integrity": "sha512-j0b+mUFtBRe1n3bwikuFmooko73tiy6ArIb2ZjmsstYXdzsSt7MTlldEM39WIXVsElpUWOAiMFQeFpYOGNB4uQ==",
      "dev": true,
      "dependencies": {
        "@types/node": "*"
      }
    },
    "node_modules/@types/encodeurl": {
      "version": "1.0.2",
      "resolved": "https://registry.npmjs.org/@types/encodeurl/-/encodeurl-1.0.2.tgz",
      "integrity": "sha512-oSnLIbaOi9CK6ksuZLxVfIs95wzG0gxjch0Mu0P/ViwLj5gvqmd2iy0e6NYluiEOCeUIFdyE9oR9kLKwDa++dw==",
      "dev": true
    },
    "node_modules/@types/escape-html": {
      "version": "1.0.4",
      "resolved": "https://registry.npmjs.org/@types/escape-html/-/escape-html-1.0.4.tgz",
      "integrity": "sha512-qZ72SFTgUAZ5a7Tj6kf2SHLetiH5S6f8G5frB2SPQ3EyF02kxdyBFf4Tz4banE3xCgGnKgWLt//a6VuYHKYJTg==",
      "dev": true
    },
    "node_modules/@types/eslint": {
      "version": "8.44.8",
      "resolved": "https://registry.npmjs.org/@types/eslint/-/eslint-8.44.8.tgz",
      "integrity": "sha512-4K8GavROwhrYl2QXDXm0Rv9epkA8GBFu0EI+XrrnnuCl7u8CWBRusX7fXJfanhZTDWSAL24gDI/UqXyUM0Injw==",
      "dev": true,
      "dependencies": {
        "@types/estree": "*",
        "@types/json-schema": "*"
      }
    },
    "node_modules/@types/estree": {
      "version": "1.0.5",
      "resolved": "https://registry.npmjs.org/@types/estree/-/estree-1.0.5.tgz",
      "integrity": "sha512-/kYRxGDLWzHOB7q+wtSUQlFrtcdUccpfy+X+9iMBpHK8QLLhx2wIPYuS5DYtR9Wa/YlZAbIovy7qVdB1Aq6Lyw==",
      "dev": true
    },
    "node_modules/@types/etag": {
      "version": "1.8.3",
      "resolved": "https://registry.npmjs.org/@types/etag/-/etag-1.8.3.tgz",
      "integrity": "sha512-QYHv9Yeh1ZYSMPQOoxY4XC4F1r+xRUiAriB303F4G6uBsT3KKX60DjiogvVv+2VISVDuJhcIzMdbjT+Bm938QQ==",
      "dev": true,
      "dependencies": {
        "@types/node": "*"
      }
    },
    "node_modules/@types/express": {
      "version": "4.17.21",
      "resolved": "https://registry.npmjs.org/@types/express/-/express-4.17.21.tgz",
      "integrity": "sha512-ejlPM315qwLpaQlQDTjPdsUFSc6ZsP4AN6AlWnogPjQ7CVi7PYF3YVz+CY3jE2pwYf7E/7HlDAN0rV2GxTG0HQ==",
      "dev": true,
      "dependencies": {
        "@types/body-parser": "*",
        "@types/express-serve-static-core": "^4.17.33",
        "@types/qs": "*",
        "@types/serve-static": "*"
      }
    },
    "node_modules/@types/express-serve-static-core": {
      "version": "4.17.41",
      "resolved": "https://registry.npmjs.org/@types/express-serve-static-core/-/express-serve-static-core-4.17.41.tgz",
      "integrity": "sha512-OaJ7XLaelTgrvlZD8/aa0vvvxZdUmlCn6MtWeB7TkiKW70BQLc9XEPpDLPdbo52ZhXUCrznlWdCHWxJWtdyajA==",
      "dev": true,
      "dependencies": {
        "@types/node": "*",
        "@types/qs": "*",
        "@types/range-parser": "*",
        "@types/send": "*"
      }
    },
    "node_modules/@types/express-session": {
      "version": "1.17.10",
      "resolved": "https://registry.npmjs.org/@types/express-session/-/express-session-1.17.10.tgz",
      "integrity": "sha512-U32bC/s0ejXijw5MAzyaV4tuZopCh/K7fPoUDyNbsRXHvPSeymygYD1RFL99YOLhF5PNOkzswvOTRaVHdL1zMw==",
      "dev": true,
      "dependencies": {
        "@types/express": "*"
      }
    },
    "node_modules/@types/finalhandler": {
      "version": "1.2.3",
      "resolved": "https://registry.npmjs.org/@types/finalhandler/-/finalhandler-1.2.3.tgz",
      "integrity": "sha512-I+Ba0JZEiuSr8LLjVmBhvLBEN8KG9GSITNXWwPCLeAvZj/k5pXEdOBEvnEEIgA038eeaauJ3BPxbuxeFBsqqUw==",
      "dev": true,
      "dependencies": {
        "@types/node": "*"
      }
    },
    "node_modules/@types/forwarded": {
      "version": "0.1.3",
      "resolved": "https://registry.npmjs.org/@types/forwarded/-/forwarded-0.1.3.tgz",
      "integrity": "sha512-b6nH+hVy48XJEtuTkgfk2mY9JuR1JdOanOcDHXf8nJuE8JtZj9Fs46QCalKvjFOyzMLIZEXAYCYfxP/596bMHg==",
      "dev": true,
      "dependencies": {
        "@types/node": "*"
      }
    },
    "node_modules/@types/fresh": {
      "version": "0.5.2",
      "resolved": "https://registry.npmjs.org/@types/fresh/-/fresh-0.5.2.tgz",
      "integrity": "sha512-3WJILVS3mH25chJYG8WLzgohpXkqSE5S1dKFSWi+0O6hLjzZKL+AUvjFsk3YqwnUcRL6lQ2BR1IKVwedj5AiEw==",
      "dev": true
    },
    "node_modules/@types/fs-minipass": {
      "version": "2.1.4",
      "resolved": "https://registry.npmjs.org/@types/fs-minipass/-/fs-minipass-2.1.4.tgz",
      "integrity": "sha512-eHdx8/Lk8bbAal3E+lJ53apN2RjUr57PMt4WpDizJctMkhzoT2iongr12YLxwSSYgKXzPdXb6X3b9Vcka9N58g==",
      "dev": true,
      "dependencies": {
        "@types/node": "*",
        "minipass": "^3.3.5"
      }
    },
    "node_modules/@types/function-bind": {
      "version": "1.1.10",
      "resolved": "https://registry.npmjs.org/@types/function-bind/-/function-bind-1.1.10.tgz",
      "integrity": "sha512-DCqXAnivJmYtk2ERufryJbNB606D4ae4PjjD2PC1eboq+mBF1XGlMEMCmoarPAWicKMIpSFoxXlWfgHnWoXvCQ==",
      "dev": true
    },
    "node_modules/@types/gauge": {
      "version": "5.0.4",
      "resolved": "https://registry.npmjs.org/@types/gauge/-/gauge-5.0.4.tgz",
      "integrity": "sha512-JOrzc7pfeN4ZUfzaKRu2no4QqogFm8y2wnaV7NAA1nPEe/VLvPEyJokNN27e57NRWL1MjNUm5+5uoKiS90AfUw==",
      "dev": true,
      "dependencies": {
        "@types/node": "*"
      }
    },
    "node_modules/@types/get-intrinsic": {
      "version": "1.2.2",
      "resolved": "https://registry.npmjs.org/@types/get-intrinsic/-/get-intrinsic-1.2.2.tgz",
      "integrity": "sha512-sZ6hqBS4pF6cClLCBNbZBthM6zib0+YJINHTaEqZEZyGPKGjjMPaYVKr1Eh3RoNBTtAJGg6yPN5+yyBRdbA8Ng==",
      "dev": true
    },
    "node_modules/@types/gopd": {
      "version": "1.0.3",
      "resolved": "https://registry.npmjs.org/@types/gopd/-/gopd-1.0.3.tgz",
      "integrity": "sha512-tRTWCb/kQgjCxHjAv0G7K0rQ1j/Cu1zVzFuS7LFcqii1fESnDgx79XYOLrPud9Bb2BRVMGIxG8EqHvOjNgq+0A==",
      "dev": true
    },
    "node_modules/@types/graceful-fs": {
      "version": "4.1.9",
      "resolved": "https://registry.npmjs.org/@types/graceful-fs/-/graceful-fs-4.1.9.tgz",
      "integrity": "sha512-olP3sd1qOEe5dXTSaFvQG+02VdRXcdytWLAZsAq1PecU8uqQAhkrnbli7DagjtXKW/Bl7YJbUsa8MPcuc8LHEQ==",
      "dev": true,
      "dependencies": {
        "@types/node": "*"
      }
    },
    "node_modules/@types/has-property-descriptors": {
      "version": "1.0.3",
      "resolved": "https://registry.npmjs.org/@types/has-property-descriptors/-/has-property-descriptors-1.0.3.tgz",
      "integrity": "sha512-0WhrwJZ7kXr9muyCjtii6vGnfyexO9WOMVWU9ESo4sh4xet7j5cJC4ye4+LMzAzXimE5iR3xa1vXWBXkX/WMNQ==",
      "dev": true
    },
    "node_modules/@types/has-symbols": {
      "version": "1.0.2",
      "resolved": "https://registry.npmjs.org/@types/has-symbols/-/has-symbols-1.0.2.tgz",
      "integrity": "sha512-551979ntXWnimhHovwbRaWMOvaquFDpTL08M/xaaBAHFxMpm6+j3yEmh0lYMxrAovnDo1o6OLeqaMdlMM6facw==",
      "dev": true
    },
    "node_modules/@types/http-cache-semantics": {
      "version": "4.0.4",
      "resolved": "https://registry.npmjs.org/@types/http-cache-semantics/-/http-cache-semantics-4.0.4.tgz",
      "integrity": "sha512-1m0bIFVc7eJWyve9S0RnuRgcQqF/Xd5QsUZAZeQFr1Q3/p9JWoQQEqmVy+DPTNpGXwhgIetAoYF8JSc33q29QA==",
      "dev": true
    },
    "node_modules/@types/http-errors": {
      "version": "2.0.4",
      "resolved": "https://registry.npmjs.org/@types/http-errors/-/http-errors-2.0.4.tgz",
      "integrity": "sha512-D0CFMMtydbJAegzOyHjtiKPLlvnm3iTZyZRSZoLq2mRhDdmLfIWOCYPfQJ4cu2erKghU++QvjcUjp/5h7hESpA==",
      "dev": true
    },
    "node_modules/@types/humanize-ms": {
      "version": "1.2.5",
      "resolved": "https://registry.npmjs.org/@types/humanize-ms/-/humanize-ms-1.2.5.tgz",
      "integrity": "sha512-JT/JcORh5XiTlUREHCwBwV09Cskv6+q0QUY9sJbSTQeE87gUeICG28ICsv1bG6Z0/hZLkpu2akrgQROJHO2nvg==",
      "dev": true
    },
    "node_modules/@types/imurmurhash": {
      "version": "0.1.4",
      "resolved": "https://registry.npmjs.org/@types/imurmurhash/-/imurmurhash-0.1.4.tgz",
      "integrity": "sha512-Zo/QlTiAvOP3pd9nuPOw33k0l/QssLOBrriShWzUE4qhIZByIF3rCoyF8ZTxdyFTUM2mYljYLqMUeLvA3NJUmQ==",
      "dev": true
    },
    "node_modules/@types/inflight": {
      "version": "1.0.1",
      "resolved": "https://registry.npmjs.org/@types/inflight/-/inflight-1.0.1.tgz",
      "integrity": "sha512-WwvaiaKozT9jS75yg07JXarQLeICBclqToX5VOoLXlr3L7K/mTueAUYNc2+8TYMgGmfottG9msUxy3C91fQoNw==",
      "dev": true
    },
    "node_modules/@types/inherits": {
      "version": "0.0.33",
      "resolved": "https://registry.npmjs.org/@types/inherits/-/inherits-0.0.33.tgz",
      "integrity": "sha512-ICS/+dYTkt3D7GPBAKqAAFXpeoWOZ6CVhiOlcweN4t3gZd8joVIy43KWsKGPL+d2Rvxunhz80Z7zlZhmR/q+GQ==",
      "dev": true,
      "dependencies": {
        "@types/node": "*"
      }
    },
    "node_modules/@types/ip": {
      "version": "1.1.3",
      "resolved": "https://registry.npmjs.org/@types/ip/-/ip-1.1.3.tgz",
      "integrity": "sha512-64waoJgkXFTYnCYDUWgSATJ/dXEBanVkaP5d4Sbk7P6U7cTTMhxVyROTckc6JKdwCrgnAjZMn0k3177aQxtDEA==",
      "dev": true,
      "dependencies": {
        "@types/node": "*"
      }
    },
    "node_modules/@types/is-lambda": {
      "version": "1.0.2",
      "resolved": "https://registry.npmjs.org/@types/is-lambda/-/is-lambda-1.0.2.tgz",
      "integrity": "sha512-xJtnSrcWRi2N0AQIb4Rm15PZVgoKPJ1GteDrI+quDmvXHaA26VNbl4wJjK+hmwB3Jxl2xn1sWGo7skY6PEzlKw==",
      "dev": true
    },
    "node_modules/@types/isexe": {
      "version": "2.0.4",
      "resolved": "https://registry.npmjs.org/@types/isexe/-/isexe-2.0.4.tgz",
      "integrity": "sha512-w58Psz9kbciMtGGBeDh/HGfajAehNiXCsI5+6OFC8hvfW2SUfjqDxsTXH1B6i3Zb/fLjasdPM7P64SbsAPNAeA==",
      "dev": true,
      "dependencies": {
        "@types/node": "*"
      }
    },
    "node_modules/@types/json-schema": {
      "version": "7.0.15",
      "resolved": "https://registry.npmjs.org/@types/json-schema/-/json-schema-7.0.15.tgz",
      "integrity": "sha512-5+fP8P8MFNC+AyZCDxrB2pkZFPGzqQWUzpSeuuVLvm8VMcorNYavBqoFcxK8bQz4Qsbn4oUEEem4wDLfcysGHA==",
      "dev": true
    },
    "node_modules/@types/make-fetch-happen": {
      "version": "10.0.4",
      "resolved": "https://registry.npmjs.org/@types/make-fetch-happen/-/make-fetch-happen-10.0.4.tgz",
      "integrity": "sha512-jKzweQaEMMAi55ehvR1z0JF6aSVQm/h1BXBhPLOJriaeQBctjw5YbpIGs7zAx9dN0Sa2OO5bcXwCkrlgenoPEA==",
      "dev": true,
      "dependencies": {
        "@types/node-fetch": "*",
        "@types/retry": "*",
        "@types/ssri": "*"
      }
    },
    "node_modules/@types/media-typer": {
      "version": "1.1.3",
      "resolved": "https://registry.npmjs.org/@types/media-typer/-/media-typer-1.1.3.tgz",
      "integrity": "sha512-VdcF4m1OVqqBZXzoWVneuJkTSk3edcd2Tu9fNWh5fu8UI+YImy/ZzqXkM4nqszV2I+D36IpEOsRLlgqI728yyA==",
      "dev": true
    },
    "node_modules/@types/merge-descriptors": {
      "version": "1.0.3",
      "resolved": "https://registry.npmjs.org/@types/merge-descriptors/-/merge-descriptors-1.0.3.tgz",
      "integrity": "sha512-ZhU/HNM9R75TO8PBn0+zDi7tbYEygeraTjDHAkGpgFFKKEj/Al4RysG+oWyrRusPRDUvctaK+SYrw1m2SdLNNQ==",
      "dev": true
    },
    "node_modules/@types/methods": {
      "version": "1.1.4",
      "resolved": "https://registry.npmjs.org/@types/methods/-/methods-1.1.4.tgz",
      "integrity": "sha512-ymXWVrDiCxTBE3+RIrrP533E70eA+9qu7zdWoHuOmGujkYtzf4HQF96b8nwHLqhuf4ykX61IGRIB38CC6/sImQ==",
      "dev": true
    },
    "node_modules/@types/mime": {
      "version": "3.0.4",
      "resolved": "https://registry.npmjs.org/@types/mime/-/mime-3.0.4.tgz",
      "integrity": "sha512-iJt33IQnVRkqeqC7PzBHPTC6fDlRNRW8vjrgqtScAhrmMwe8c4Eo7+fUGTa+XdWrpEgpyKWMYmi2dIwMAYRzPw==",
      "dev": true
    },
    "node_modules/@types/mime-db": {
      "version": "1.43.5",
      "resolved": "https://registry.npmjs.org/@types/mime-db/-/mime-db-1.43.5.tgz",
      "integrity": "sha512-/bfTiIUTNPUBnwnYvUxXAre5MhD88jgagLEQiQtIASjU+bwxd8kS/ASDA4a8ufd8m0Lheu6eeMJHEUpLHoJ28A==",
      "dev": true
    },
    "node_modules/@types/mime-types": {
      "version": "2.1.4",
      "resolved": "https://registry.npmjs.org/@types/mime-types/-/mime-types-2.1.4.tgz",
      "integrity": "sha512-lfU4b34HOri+kAY5UheuFMWPDOI+OPceBSHZKp69gEyTL/mmJ4cnU6Y/rlme3UL3GyOn6Y42hyIEw0/q8sWx5w==",
      "dev": true
    },
    "node_modules/@types/minizlib": {
      "version": "2.1.7",
      "resolved": "https://registry.npmjs.org/@types/minizlib/-/minizlib-2.1.7.tgz",
      "integrity": "sha512-oKlyUX7bfj3zG6AM8rMleBHnr1X+gEx4XlQ5zByKS39gbtQmnu4nyQ3w2Agv7qinU+v8ChhFxtDUAySkCexQ+Q==",
      "dev": true,
      "dependencies": {
        "@types/node": "*",
        "minipass": "^3.3.5"
      }
    },
    "node_modules/@types/ms": {
      "version": "0.7.34",
      "resolved": "https://registry.npmjs.org/@types/ms/-/ms-0.7.34.tgz",
      "integrity": "sha512-nG96G3Wp6acyAgJqGasjODb+acrI7KltPiRxzHPXnP3NgI28bpQDRv53olbqGXbfcgF5aiiHmO3xpwEpS5Ld9g==",
      "dev": true
    },
    "node_modules/@types/negotiator": {
      "version": "0.6.3",
      "resolved": "https://registry.npmjs.org/@types/negotiator/-/negotiator-0.6.3.tgz",
      "integrity": "sha512-JkXTOdKs5MF086b/pt8C3+yVp3iDUwG635L7oCH6HvJvvr6lSUU5oe/gLXnPEfYRROHjJIPgCV6cuAg8gGkntQ==",
      "dev": true
    },
    "node_modules/@types/node": {
      "version": "20.10.4",
      "resolved": "https://registry.npmjs.org/@types/node/-/node-20.10.4.tgz",
      "integrity": "sha512-D08YG6rr8X90YB56tSIuBaddy/UXAA9RKJoFvrsnogAum/0pmjkgi4+2nx96A330FmioegBWmEYQ+syqCFaveg==",
      "dev": true,
      "dependencies": {
        "undici-types": "~5.26.4"
      }
    },
    "node_modules/@types/node-fetch": {
      "version": "2.6.9",
      "resolved": "https://registry.npmjs.org/@types/node-fetch/-/node-fetch-2.6.9.tgz",
      "integrity": "sha512-bQVlnMLFJ2d35DkPNjEPmd9ueO/rh5EiaZt2bhqiSarPjZIuIV6bPQVqcrEyvNo+AfTrRGVazle1tl597w3gfA==",
      "dev": true,
      "dependencies": {
        "@types/node": "*",
        "form-data": "^4.0.0"
      }
    },
    "node_modules/@types/nopt": {
      "version": "3.0.32",
      "resolved": "https://registry.npmjs.org/@types/nopt/-/nopt-3.0.32.tgz",
      "integrity": "sha512-UP8QR0GaR8AE3l4wDmyCx4lEkX5o/1YVeDBqb1UqmfHefZqFNedQLTsobfzw56CvlXVVbt6kAwJJbN1yDTp16Q==",
      "dev": true
    },
    "node_modules/@types/npmlog": {
      "version": "7.0.0",
      "resolved": "https://registry.npmjs.org/@types/npmlog/-/npmlog-7.0.0.tgz",
      "integrity": "sha512-hJWbrKFvxKyWwSUXjZMYTINsSOY6IclhvGOZ97M8ac2tmR9hMwmTnYaMdpGhvju9ctWLTPhCS+eLfQNluiEjQQ==",
      "dev": true,
      "dependencies": {
        "@types/node": "*"
      }
    },
    "node_modules/@types/object-assign": {
      "version": "4.0.33",
      "resolved": "https://registry.npmjs.org/@types/object-assign/-/object-assign-4.0.33.tgz",
      "integrity": "sha512-HeuamLPmpVPuJU/oY7z/YGAezy4HFy6mhvzwupi9Xc8n0FKY8tR1/U3AKaOn/I5Mb4dvbw2szSYcXi84eW07TQ==",
      "dev": true
    },
    "node_modules/@types/object-inspect": {
      "version": "1.8.4",
      "resolved": "https://registry.npmjs.org/@types/object-inspect/-/object-inspect-1.8.4.tgz",
      "integrity": "sha512-2yh72JxmDney1h7LQvkyO8p8FOmNMQXGs8HjuXS3SXvE/dLydLLjBqKCdHqcTUo66CQVHfn7yFR680bvi9jlVw==",
      "dev": true
    },
    "node_modules/@types/on-finished": {
      "version": "2.3.4",
      "resolved": "https://registry.npmjs.org/@types/on-finished/-/on-finished-2.3.4.tgz",
      "integrity": "sha512-Ld4UQD3udYcKPaAWlI1EYXKhefkZcTlpqOLkQRmN3u5Ml/tUypMivUHbNH8LweP4H4FlhGGO+uBjJI1Y1dkE1g==",
      "dev": true,
      "dependencies": {
        "@types/node": "*"
      }
    },
    "node_modules/@types/once": {
      "version": "1.4.4",
      "resolved": "https://registry.npmjs.org/@types/once/-/once-1.4.4.tgz",
      "integrity": "sha512-KSwEbnmPvnbHLtDj05t0w2CBAYctJ1M6gj/6JfWK+pLeD7/T7QGWGyXHaqLAMOQfDJP+sO/ujPDiPAAlHR3GOg==",
      "dev": true
    },
    "node_modules/@types/parseurl": {
      "version": "1.3.3",
      "resolved": "https://registry.npmjs.org/@types/parseurl/-/parseurl-1.3.3.tgz",
      "integrity": "sha512-eamlh+uXpNIG2yVdl6UdBTR3B6jtmJl/JWTNTQAN1K3VH1s5F6UPOhgLwCnU9FJ7R/PnUsRN9zFSpMcxwa2Ndg==",
      "dev": true,
      "dependencies": {
        "@types/node": "*"
      }
    },
    "node_modules/@types/path-is-absolute": {
      "version": "1.0.2",
      "resolved": "https://registry.npmjs.org/@types/path-is-absolute/-/path-is-absolute-1.0.2.tgz",
      "integrity": "sha512-0S6KybVFMuRt2X1Za9qDkT+nGuBwmHpMGTt5FfDvd8s1clMhAz7upji0n/qgIJMGMtg/onn0J3DOJg10kpzJLQ==",
      "dev": true
    },
    "node_modules/@types/promise-inflight": {
      "version": "1.0.3",
      "resolved": "https://registry.npmjs.org/@types/promise-inflight/-/promise-inflight-1.0.3.tgz",
      "integrity": "sha512-1u45uR28ktXaim6OchdbmTfalwJtKdo7aZRTnTmW5r+4BkMTZQgVDsmAK2V1txZ1nuhFCZGoBSLnQiKHhVd2Ow==",
      "dev": true
    },
    "node_modules/@types/promise-retry": {
      "version": "1.1.6",
      "resolved": "https://registry.npmjs.org/@types/promise-retry/-/promise-retry-1.1.6.tgz",
      "integrity": "sha512-EC1+OMXV0PZb0pf+cmyxc43MEP2CDumZe4AfuxWboxxEixztIebknpJPZAX5XlodGF1OY+C1E/RAeNGzxf+bJA==",
      "dev": true,
      "dependencies": {
        "@types/retry": "*"
      }
    },
    "node_modules/@types/proxy-addr": {
      "version": "2.0.3",
      "resolved": "https://registry.npmjs.org/@types/proxy-addr/-/proxy-addr-2.0.3.tgz",
      "integrity": "sha512-TgAHHO4tNG3HgLTUhB+hM4iwW6JUNeQHCLnF1DjaDA9c69PN+IasoFu2MYDhubFc+ZIw5c5t9DMtjvrD6R3Egg==",
      "dev": true,
      "dependencies": {
        "@types/node": "*"
      }
    },
    "node_modules/@types/qs": {
      "version": "6.9.10",
      "resolved": "https://registry.npmjs.org/@types/qs/-/qs-6.9.10.tgz",
      "integrity": "sha512-3Gnx08Ns1sEoCrWssEgTSJs/rsT2vhGP+Ja9cnnk9k4ALxinORlQneLXFeFKOTJMOeZUFD1s7w+w2AphTpvzZw==",
      "dev": true
    },
    "node_modules/@types/range-parser": {
      "version": "1.2.7",
      "resolved": "https://registry.npmjs.org/@types/range-parser/-/range-parser-1.2.7.tgz",
      "integrity": "sha512-hKormJbkJqzQGhziax5PItDUTMAM9uE2XXQmM37dyd4hVM+5aVl7oVxMVUiVQn2oCQFN/LKCZdvSM0pFRqbSmQ==",
      "dev": true
    },
    "node_modules/@types/readable-stream": {
      "version": "4.0.10",
      "resolved": "https://registry.npmjs.org/@types/readable-stream/-/readable-stream-4.0.10.tgz",
      "integrity": "sha512-AbUKBjcC8SHmImNi4yK2bbjogQlkFSg7shZCcicxPQapniOlajG8GCc39lvXzCWX4lLRRs7DM3VAeSlqmEVZUA==",
      "dev": true,
      "dependencies": {
        "@types/node": "*",
        "safe-buffer": "~5.1.1"
      }
    },
    "node_modules/@types/retry": {
      "version": "0.12.5",
      "resolved": "https://registry.npmjs.org/@types/retry/-/retry-0.12.5.tgz",
      "integrity": "sha512-3xSjTp3v03X/lSQLkczaN9UIEwJMoMCA1+Nb5HfbJEQWogdeQIyVtTvxPXDQjZ5zws8rFQfVfRdz03ARihPJgw==",
      "dev": true
    },
    "node_modules/@types/safer-buffer": {
      "version": "2.1.3",
      "resolved": "https://registry.npmjs.org/@types/safer-buffer/-/safer-buffer-2.1.3.tgz",
      "integrity": "sha512-5o3RcpBa7mUFnnnoMa9UIGOf9naD4DCKKMYzqkm9OSY7NNTd26k7adNC+fphcVRI9BUJglBs2yJQiRZYqBF/8w==",
      "dev": true,
      "dependencies": {
        "@types/node": "*"
      }
    },
    "node_modules/@types/semver": {
      "version": "7.5.6",
      "resolved": "https://registry.npmjs.org/@types/semver/-/semver-7.5.6.tgz",
      "integrity": "sha512-dn1l8LaMea/IjDoHNd9J52uBbInB796CDffS6VdIxvqYCPSG0V0DzHp76GpaWnlhg88uYyPbXCDIowa86ybd5A==",
      "dev": true
    },
    "node_modules/@types/send": {
      "version": "0.17.4",
      "resolved": "https://registry.npmjs.org/@types/send/-/send-0.17.4.tgz",
      "integrity": "sha512-x2EM6TJOybec7c52BX0ZspPodMsQUd5L6PRwOunVyVUhXiBSKf3AezDL8Dgvgt5o0UfKNfuA0eMLr2wLT4AiBA==",
      "dev": true,
      "dependencies": {
        "@types/mime": "^1",
        "@types/node": "*"
      }
    },
    "node_modules/@types/send/node_modules/@types/mime": {
      "version": "1.3.5",
      "resolved": "https://registry.npmjs.org/@types/mime/-/mime-1.3.5.tgz",
      "integrity": "sha512-/pyBZWSLD2n0dcHE3hq8s8ZvcETHtEuF+3E7XVt0Ig2nvsVQXdghHVcEkIWjy9A0wKfTn97a/PSDYohKIlnP/w==",
      "dev": true
    },
    "node_modules/@types/serve-static": {
      "version": "1.15.5",
      "resolved": "https://registry.npmjs.org/@types/serve-static/-/serve-static-1.15.5.tgz",
      "integrity": "sha512-PDRk21MnK70hja/YF8AHfC7yIsiQHn1rcXx7ijCFBX/k+XQJhQT/gw3xekXKJvx+5SXaMMS8oqQy09Mzvz2TuQ==",
      "dev": true,
      "dependencies": {
        "@types/http-errors": "*",
        "@types/mime": "*",
        "@types/node": "*"
      }
    },
    "node_modules/@types/set-blocking": {
      "version": "2.0.2",
      "resolved": "https://registry.npmjs.org/@types/set-blocking/-/set-blocking-2.0.2.tgz",
      "integrity": "sha512-kpvlk/OQOqauhit32OznXpc4wkTyIbgbI7l3cotMmgYph9ly9kDXlxzrVm23LZKPWguMCyoAxGXavBhjDR60/A==",
      "dev": true
    },
    "node_modules/@types/signal-exit": {
      "version": "3.0.4",
      "resolved": "https://registry.npmjs.org/@types/signal-exit/-/signal-exit-3.0.4.tgz",
      "integrity": "sha512-e7EUPfU9afHyWc5CXtlqbvVHEshrb05uPlDCenWIbMgtWoFrTuTDVYNLKk6o4X2/4oHTfNqrJX/vaJ3uBhtXTg==",
      "dev": true
    },
    "node_modules/@types/sqlite3": {
      "version": "3.1.11",
      "resolved": "https://registry.npmjs.org/@types/sqlite3/-/sqlite3-3.1.11.tgz",
      "integrity": "sha512-KYF+QgxAnnAh7DWPdNDroxkDI3/MspH1NMx6m/N/6fT1G6+jvsw4/ZePt8R8cr7ta58aboeTfYFBDxTJ5yv15w==",
      "dev": true,
      "dependencies": {
        "@types/node": "*"
      }
    },
    "node_modules/@types/ssri": {
      "version": "7.1.5",
      "resolved": "https://registry.npmjs.org/@types/ssri/-/ssri-7.1.5.tgz",
      "integrity": "sha512-odD/56S3B51liILSk5aXJlnYt99S6Rt9EFDDqGtJM26rKHApHcwyU/UoYHrzKkdkHMAIquGWCuHtQTbes+FRQw==",
      "dev": true,
      "dependencies": {
        "@types/node": "*"
      }
    },
    "node_modules/@types/statuses": {
      "version": "2.0.4",
      "resolved": "https://registry.npmjs.org/@types/statuses/-/statuses-2.0.4.tgz",
      "integrity": "sha512-eqNDvZsCNY49OAXB0Firg/Sc2BgoWsntsLUdybGFOhAfCD6QJ2n9HXUIHGqt5qjrxmMv4wS8WLAw43ZkKcJ8Pw==",
      "dev": true
    },
    "node_modules/@types/tar": {
      "version": "6.1.10",
      "resolved": "https://registry.npmjs.org/@types/tar/-/tar-6.1.10.tgz",
      "integrity": "sha512-60ZO+W0tRKJ3ggdzJKp75xKVlNogKYMqGvr2bMH/+k3T0BagfYTnbmVDFMJB1BFttz6yRgP5MDGP27eh7brrqw==",
      "dev": true,
      "dependencies": {
        "@types/node": "*",
        "minipass": "^4.0.0"
      }
    },
    "node_modules/@types/tar/node_modules/minipass": {
      "version": "4.2.8",
      "resolved": "https://registry.npmjs.org/minipass/-/minipass-4.2.8.tgz",
      "integrity": "sha512-fNzuVyifolSLFL4NzpF+wEF4qrgqaaKX0haXPQEdQ7NKAN+WecoKMHV09YcuL/DHxrUsYQOK3MiuDf7Ip2OXfQ==",
      "dev": true,
      "engines": {
        "node": ">=8"
      }
    },
    "node_modules/@types/toidentifier": {
      "version": "1.0.2",
      "resolved": "https://registry.npmjs.org/@types/toidentifier/-/toidentifier-1.0.2.tgz",
      "integrity": "sha512-QDud7UhHNNPBlyEXVT6Taf/0S3hEM5Iid+q/zwBmjJPCGL5j27uhwECQnFSQbedbLqhQIB9fzDNaBwU+blFL6A==",
      "dev": true
    },
    "node_modules/@types/tr46": {
      "version": "3.0.3",
      "resolved": "https://registry.npmjs.org/@types/tr46/-/tr46-3.0.3.tgz",
      "integrity": "sha512-GHa+gvc6Ci9lVloIZJlO+rufRVMA5PXrruGc5TmmtO3HoCj1N7mG7EOM9wzXsOmT/LFOXWEF+GyjNmj1wUc6eA==",
      "dev": true
    },
    "node_modules/@types/type-is": {
      "version": "1.6.6",
      "resolved": "https://registry.npmjs.org/@types/type-is/-/type-is-1.6.6.tgz",
      "integrity": "sha512-fs1KHv/f9OvmTMsu4sBNaUu32oyda9Y9uK25naJG8gayxNrfqGIjPQsbLIYyfe7xFkppnPlJB+BuTldOaX9bXw==",
      "dev": true,
      "dependencies": {
        "@types/node": "*"
      }
    },
    "node_modules/@types/util-deprecate": {
      "version": "1.0.3",
      "resolved": "https://registry.npmjs.org/@types/util-deprecate/-/util-deprecate-1.0.3.tgz",
      "integrity": "sha512-tS4Vw2qY1XJnS+ZL4wgzyJprahEFBgg72NlC8lyY7/RWmS9cqz5gnxta9Mv9/Zla/wXBDrcNpiLLMv/4+5hokw==",
      "dev": true
    },
    "node_modules/@types/utils-merge": {
      "version": "0.0.31",
      "resolved": "https://registry.npmjs.org/@types/utils-merge/-/utils-merge-0.0.31.tgz",
      "integrity": "sha512-YyMQ/CjEy0vLdXGUj8h/+SAwNrysJohxBWMNdAzXge0kVPEKGfiz5YuYBlQDjQsEa4apy4w++4+bYRFbg2PY4w==",
      "dev": true
    },
    "node_modules/@types/uuid": {
      "version": "9.0.7",
      "resolved": "https://registry.npmjs.org/@types/uuid/-/uuid-9.0.7.tgz",
      "integrity": "sha512-WUtIVRUZ9i5dYXefDEAI7sh9/O7jGvHg7Df/5O/gtH3Yabe5odI3UWopVR1qbPXQtvOxWu3mM4XxlYeZtMWF4g==",
      "dev": true
    },
    "node_modules/@types/vary": {
      "version": "1.1.3",
      "resolved": "https://registry.npmjs.org/@types/vary/-/vary-1.1.3.tgz",
      "integrity": "sha512-XJT8/ZQCL7NUut9QDLf6l24JfAEl7bnNdgxfj50cHIpEPRJLHHDDFOAq6i+GsEmeFfH7NamhBE4c4Thtb2egWg==",
      "dev": true,
      "dependencies": {
        "@types/node": "*"
      }
    },
    "node_modules/@types/webfontloader": {
      "version": "1.6.38",
      "resolved": "https://registry.npmjs.org/@types/webfontloader/-/webfontloader-1.6.38.tgz",
      "integrity": "sha512-kUaF72Fv202suFx6yBrwXqeVRMx7hGtJTesyESZgn9sEPCUeDXm2p0SiyS1MTqW74nQP4p7JyrOCwZ7pNFns4w==",
      "dev": true
    },
    "node_modules/@types/webidl-conversions": {
      "version": "7.0.3",
      "resolved": "https://registry.npmjs.org/@types/webidl-conversions/-/webidl-conversions-7.0.3.tgz",
      "integrity": "sha512-CiJJvcRtIgzadHCYXw7dqEnMNRjhGZlYK05Mj9OyktqV8uVT8fD2BFOB7S1uwBE3Kj2Z+4UyPmFw/Ixgw/LAlA==",
      "dev": true
    },
    "node_modules/@types/whatwg-url": {
      "version": "11.0.3",
      "resolved": "https://registry.npmjs.org/@types/whatwg-url/-/whatwg-url-11.0.3.tgz",
      "integrity": "sha512-z1ELvMijRL1QmU7QuzDkeYXSF2+dXI0ITKoQsIoVKcNBOiK5RMmWy+pYYxJTHFt8vkpZe7UsvRErQwcxZkjoUw==",
      "dev": true,
      "dependencies": {
        "@types/webidl-conversions": "*"
      }
    },
    "node_modules/@types/which": {
      "version": "3.0.3",
      "resolved": "https://registry.npmjs.org/@types/which/-/which-3.0.3.tgz",
      "integrity": "sha512-2C1+XoY0huExTbs8MQv1DuS5FS86+SEjdM9F/+GS61gg5Hqbtj8ZiDSx8MfWcyei907fIPbfPGCOrNUTnVHY1g==",
      "dev": true
    },
    "node_modules/@types/yallist": {
      "version": "4.0.4",
      "resolved": "https://registry.npmjs.org/@types/yallist/-/yallist-4.0.4.tgz",
      "integrity": "sha512-Gz8gcZggNjZfXsDKBtESUJfiLwxtdUTd2c+M0F/PfBeF6pyWHTjCW5JvoBMsPOmecJ27g3aUtb7I5uRJqifZOw==",
      "dev": true
    },
    "node_modules/asynckit": {
      "version": "0.4.0",
      "resolved": "https://registry.npmjs.org/asynckit/-/asynckit-0.4.0.tgz",
      "integrity": "sha512-Oei9OH4tRh0YqU3GxhX79dM/mwVgvbZJaSNaRk+bshkj0S5cfHcgYakreBjrHwatXKbz+IoIdYLxrKim2MjW0Q==",
      "dev": true
    },
    "node_modules/combined-stream": {
      "version": "1.0.8",
      "resolved": "https://registry.npmjs.org/combined-stream/-/combined-stream-1.0.8.tgz",
      "integrity": "sha512-FQN4MRfuJeHf7cBbBMJFXhKSDq+2kAArBlmRBvcvFE5BB1HZKXtSFASDhdlz9zOYwxh8lDdnvmMOe/+5cdoEdg==",
      "dev": true,
      "dependencies": {
        "delayed-stream": "~1.0.0"
      },
      "engines": {
        "node": ">= 0.8"
      }
    },
    "node_modules/delayed-stream": {
      "version": "1.0.0",
      "resolved": "https://registry.npmjs.org/delayed-stream/-/delayed-stream-1.0.0.tgz",
      "integrity": "sha512-ZySD7Nf91aLB0RxL4KGrKHBXl7Eds1DAmEdcoVawXnLD7SDhpNgtuII2aAkg7a7QS41jxPSZ17p4VdGnMHk3MQ==",
      "dev": true,
      "engines": {
        "node": ">=0.4.0"
      }
    },
    "node_modules/form-data": {
      "version": "4.0.0",
      "resolved": "https://registry.npmjs.org/form-data/-/form-data-4.0.0.tgz",
      "integrity": "sha512-ETEklSGi5t0QMZuiXoA/Q6vcnxcLQP5vdugSpuAyi6SVGi2clPPp+xgEhuMaHC+zGgn31Kd235W35f7Hykkaww==",
      "dev": true,
      "dependencies": {
        "asynckit": "^0.4.0",
        "combined-stream": "^1.0.8",
        "mime-types": "^2.1.12"
      },
      "engines": {
        "node": ">= 6"
      }
    },
    "node_modules/mime-db": {
      "version": "1.52.0",
      "resolved": "https://registry.npmjs.org/mime-db/-/mime-db-1.52.0.tgz",
      "integrity": "sha512-sPU4uV7dYlvtWJxwwxHD0PuihVNiE7TyAbQ5SWxDCB9mUYvOgroQOwYQQOKPJ8CIbE+1ETVlOoK1UC2nU3gYvg==",
      "dev": true,
      "engines": {
        "node": ">= 0.6"
      }
    },
    "node_modules/mime-types": {
      "version": "2.1.35",
      "resolved": "https://registry.npmjs.org/mime-types/-/mime-types-2.1.35.tgz",
      "integrity": "sha512-ZDY+bPm5zTTF+YpCrAU9nK0UgICYPT0QtT1NZWFv4s++TNkcgVaT0g6+4R2uI4MjQjzysHB1zxuWL50hzaeXiw==",
      "dev": true,
      "dependencies": {
        "mime-db": "1.52.0"
      },
      "engines": {
        "node": ">= 0.6"
      }
    },
    "node_modules/minipass": {
      "version": "3.3.6",
      "resolved": "https://registry.npmjs.org/minipass/-/minipass-3.3.6.tgz",
      "integrity": "sha512-DxiNidxSEK+tHG6zOIklvNOwm3hvCrbUrdtzY74U6HKTJxvIDfOUL5W5P2Ghd3DTkhhKPYGqeNUIh5qcM4YBfw==",
      "dev": true,
      "dependencies": {
        "yallist": "^4.0.0"
      },
      "engines": {
        "node": ">=8"
      }
    },
    "node_modules/safe-buffer": {
      "version": "5.1.2",
      "resolved": "https://registry.npmjs.org/safe-buffer/-/safe-buffer-5.1.2.tgz",
      "integrity": "sha512-Gd2UZBJDkXlY7GbJxfsE8/nvKkUEU1G38c1siN6QP6a9PT9MmHB8GnpscSmMJSoF8LOIrt8ud/wPtojys4G6+g==",
      "dev": true
    },
    "node_modules/to-fast-properties": {
      "version": "2.0.0",
      "resolved": "https://registry.npmjs.org/to-fast-properties/-/to-fast-properties-2.0.0.tgz",
      "integrity": "sha512-/OaKK0xYrs3DmxRYqL/yDc+FxFUVYhDlXMhRmv3z915w2HF1tnN1omB354j8VUGO/hbRzyD6Y3sA7v7GS/ceog==",
      "dev": true,
      "engines": {
        "node": ">=4"
      }
    },
    "node_modules/types-registry": {
      "version": "0.1.673",
      "resolved": "https://registry.npmjs.org/types-registry/-/types-registry-0.1.673.tgz",
      "integrity": "sha512-4rSIfxfrp3t/hYnCB79+R4xW6Xyq+oQJbRqBnPh+eSIg2w8jkQCrl4tM6VhxCAs+PuYuOWo6U1fWFGlLc/40zw=="
    },
    "node_modules/undici-types": {
      "version": "5.26.5",
      "resolved": "https://registry.npmjs.org/undici-types/-/undici-types-5.26.5.tgz",
      "integrity": "sha512-JlCMO+ehdEIKqlFxk6IfVoAUVmgz7cU7zD/h9XZ0qzeosSHmUJVOzSQvvYSYWXkFXC+IfLKSIffhv0sVZup6pA==",
      "dev": true
    },
    "node_modules/yallist": {
      "version": "4.0.0",
      "resolved": "https://registry.npmjs.org/yallist/-/yallist-4.0.0.tgz",
      "integrity": "sha512-3wdGidZyq5PB084XLES5TpOSRA3wjXAlIWMhum2kRcv/41Sn2emQ0dycQW4uZXLejwKvg6EsvbdlVL+FYEct7A==",
      "dev": true
    }
  }
}
